{
  "nodes": {
    "html-to-pdf": {
      "inputs": {
        "nixpkgs": "nixpkgs",
        "nixpkgs-stable": "nixpkgs-stable",
        "utils": "utils"
      },
      "locked": {
        "dir": "pkgs/alfa/html-to-pdf",
        "lastModified": 1755787543,
        "narHash": "sha256-Uid3lU6fxXXZ3L/Jlr0pTmHm0XMq7mCdxSUMh2BpvXg=",
        "owner": "friedenberg",
        "repo": "eng",
        "rev": "fd654b7f37126f3d909f3094de485c8a72c58435",
        "type": "github"
      },
      "original": {
        "dir": "pkgs/alfa/html-to-pdf",
        "owner": "friedenberg",
        "repo": "eng",
        "type": "github"
      }
    },
    "nixpkgs": {
      "locked": {
        "lastModified": 1748568828,
        "owner": "NixOS",
        "repo": "nixpkgs",
        "rev": "6bfd7663660ecf5336c1054e9e877824a4f84954",
        "type": "github"
      },
      "original": {
        "id": "nixpkgs",
        "type": "indirect"
      }
    },
    "nixpkgs-stable": {
      "locked": {
        "lastModified": 1748708754,
        "owner": "NixOS",
        "repo": "nixpkgs",
        "rev": "f7ae65486211d1bd6a2091a57851a6627aff4b43",
        "type": "github"
      },
      "original": {
        "id": "nixpkgs",
        "ref": "release-24.11",
        "type": "indirect"
      }
    },
    "nixpkgs-stable_2": {
      "locked": {
        "lastModified": 1757545623,
        "narHash": "sha256-mCxPABZ6jRjUQx3bPP4vjA68ETbPLNz9V2pk9tO7pRQ=",
        "owner": "NixOS",
        "repo": "nixpkgs",
        "rev": "8cd5ce828d5d1d16feff37340171a98fc3bf6526",
        "type": "github"
      },
      "original": {
        "owner": "NixOS",
        "repo": "nixpkgs",
        "rev": "8cd5ce828d5d1d16feff37340171a98fc3bf6526",
        "type": "github"
      }
    },
    "nixpkgs_2": {
      "locked": {
        "lastModified": 1757764876,
        "narHash": "sha256-V/bKpiPIppEoDyP12DwWikj0l0vWY1kCi71TcfBAd6g=",
        "owner": "NixOS",
        "repo": "nixpkgs",
        "rev": "f4ee7c92235a73f6af52d4ac2ba25b784214aa75",
        "type": "github"
      },
      "original": {
        "owner": "NixOS",
        "repo": "nixpkgs",
        "rev": "f4ee7c92235a73f6af52d4ac2ba25b784214aa75",
        "type": "github"
      }
    },
    "nixpkgs_3": {
      "locked": {
        "lastModified": 1735563628,
        "narHash": "sha256-OnSAY7XDSx7CtDoqNh8jwVwh4xNL/2HaJxGjryLWzX8=",
        "owner": "NixOS",
        "repo": "nixpkgs",
        "rev": "b134951a4c9f3c995fd7be05f3243f8ecd65d798",
        "type": "github"
      },
      "original": {
        "owner": "NixOS",
        "ref": "nixos-24.05",
        "repo": "nixpkgs",
        "type": "github"
      }
    },
    "root": {
      "inputs": {
        "html-to-pdf": "html-to-pdf",
        "nixpkgs": "nixpkgs_2",
        "nixpkgs-stable": "nixpkgs-stable_2",
        "utils": "utils_2",
        "utils-pandoc": "utils-pandoc"
      }
    },
    "systems": {
      "locked": {
        "lastModified": 1681028828,
        "narHash": "sha256-Vy1rq5AaRuLzOxct8nz4T6wlgyUR7zLU309k9mBC768=",
        "owner": "nix-systems",
        "repo": "default",
        "rev": "da67096a3b9bf56a91d16901293e51ba5b49a27e",
        "type": "github"
      },
      "original": {
        "owner": "nix-systems",
        "repo": "default",
        "type": "github"
      }
    },
    "systems_2": {
      "locked": {
        "lastModified": 1681028828,
        "narHash": "sha256-Vy1rq5AaRuLzOxct8nz4T6wlgyUR7zLU309k9mBC768=",
        "owner": "nix-systems",
        "repo": "default",
        "rev": "da67096a3b9bf56a91d16901293e51ba5b49a27e",
        "type": "github"
      },
      "original": {
        "owner": "nix-systems",
        "repo": "default",
        "type": "github"
      }
    },
    "systems_3": {
      "locked": {
        "lastModified": 1681028828,
        "narHash": "sha256-Vy1rq5AaRuLzOxct8nz4T6wlgyUR7zLU309k9mBC768=",
        "owner": "nix-systems",
        "repo": "default",
        "rev": "da67096a3b9bf56a91d16901293e51ba5b49a27e",
        "type": "github"
      },
      "original": {
        "owner": "nix-systems",
        "repo": "default",
        "type": "github"
      }
    },
    "utils": {
      "inputs": {
        "systems": "systems"
      },
      "locked": {
        "lastModified": 1731533236,
        "owner": "numtide",
        "repo": "flake-utils",
        "rev": "11707dc2f618dd54ca8739b309ec4fc024de578b",
        "type": "github"
      },
      "original": {
        "owner": "numtide",
        "repo": "flake-utils",
        "type": "github"
      }
    },
    "utils-pandoc": {
      "inputs": {
        "nixpkgs": "nixpkgs_3",
        "utils": "utils_3"
      },
      "locked": {
        "dir": "pandoc",
        "lastModified": 1745508611,
        "narHash": "sha256-sZHCIcHfeH81HUcw83CswVe3hHDKz/Av+bCQ7FYPfWU=",
        "owner": "friedenberg",
        "repo": "dev-flake-templates",
        "rev": "8a2bc172298fd243664af12c01d574fc8f792d91",
        "type": "github"
      },
      "original": {
        "dir": "pandoc",
        "owner": "friedenberg",
        "repo": "dev-flake-templates",
        "type": "github"
      }
    },
    "utils_2": {
      "inputs": {
        "systems": "systems_2"
      },
      "locked": {
        "lastModified": 1731533236,
        "narHash": "sha256-l0KFg5HjrsfsO/JpG+r7fRrqm12kzFHyUHqHCVpMMbI=",
        "rev": "11707dc2f618dd54ca8739b309ec4fc024de578b",
        "revCount": 102,
        "type": "tarball",
        "url": "https://api.flakehub.com/f/pinned/numtide/flake-utils/0.1.102%2Brev-11707dc2f618dd54ca8739b309ec4fc024de578b/0193276d-5b8f-7dbc-acf1-41cb7b54ad2e/source.tar.gz"
      },
      "original": {
        "type": "tarball",
        "url": "https://flakehub.com/f/numtide/flake-utils/0.1.102.tar.gz"
      }
    },
    "utils_3": {
      "inputs": {
        "systems": "systems_3"
      },
      "locked": {
        "lastModified": 1731533236,
        "narHash": "sha256-l0KFg5HjrsfsO/JpG+r7fRrqm12kzFHyUHqHCVpMMbI=",
        "owner": "numtide",
        "repo": "flake-utils",
        "rev": "11707dc2f618dd54ca8739b309ec4fc024de578b",
        "type": "github"
      },
      "original": {
        "owner": "numtide",
        "repo": "flake-utils",
        "type": "github"
      }
    }
  },
  "root": "root",
  "version": 7
}
