{
  "nodes": {
    "bash": {
      "inputs": {
        "nixpkgs": "nixpkgs",
        "nixpkgs-stable": "nixpkgs-stable",
        "utils": "utils"
      },
      "locked": {
        "dir": "pkgs/alfa/bash",
        "lastModified": 1748881301,
        "owner": "friedenberg",
        "repo": "eng",
        "rev": "872225bc007f956300dceb19e0974ec375e2f9cf",
        "type": "github"
      },
      "original": {
        "dir": "pkgs/alfa/bash",
        "owner": "friedenberg",
        "repo": "eng",
        "type": "github"
      }
    },
    "brew": {
      "inputs": {
        "brew-api": [
          "devenv-system-darwin",
          "brew-api"
        ],
        "nix-darwin": "nix-darwin",
        "nixpkgs": "nixpkgs_10"
      },
      "locked": {
        "lastModified": 1745789424,
        "owner": "BatteredBunny",
        "repo": "brew-nix",
        "rev": "928e5382d927727666bcbbd27240e73eeb269b4a",
        "type": "github"
      },
      "original": {
        "owner": "BatteredBunny",
        "repo": "brew-nix",
        "type": "github"
      }
    },
    "brew-api": {
      "flake": false,
      "locked": {
        "lastModified": 1748879429,
        "owner": "BatteredBunny",
        "repo": "brew-api",
        "rev": "e20fa5e4478fa0f5b7db117d85dccef3d538d620",
        "type": "github"
      },
      "original": {
        "owner": "BatteredBunny",
        "repo": "brew-api",
        "type": "github"
      }
    },
    "chrest": {
      "inputs": {
        "devenv-go": [
          "devenv-go"
        ],
        "devenv-js": [
          "devenv-js"
        ],
        "nixpkgs": "nixpkgs_2",
        "nixpkgs-stable": "nixpkgs-stable_2",
        "utils": "utils_2"
      },
      "locked": {
        "dir": "pkgs/bravo/chrest",
        "lastModified": 1748881301,
        "owner": "friedenberg",
        "repo": "eng",
        "rev": "872225bc007f956300dceb19e0974ec375e2f9cf",
        "type": "github"
      },
      "original": {
        "dir": "pkgs/bravo/chrest",
        "owner": "friedenberg",
        "repo": "eng",
        "type": "github"
      }
    },
    "devenv-go": {
      "inputs": {
        "gomod2nix": "gomod2nix",
        "nixpkgs": "nixpkgs_3",
        "nixpkgs-stable": "nixpkgs-stable_3",
        "utils": "utils_3"
      },
      "locked": {
        "dir": "pkgs/alfa/devenv-go",
        "lastModified": 1748881301,
        "owner": "friedenberg",
        "repo": "eng",
        "rev": "872225bc007f956300dceb19e0974ec375e2f9cf",
        "type": "github"
      },
      "original": {
        "dir": "pkgs/alfa/devenv-go",
        "owner": "friedenberg",
        "repo": "eng",
        "type": "github"
      }
    },
    "devenv-js": {
      "inputs": {
        "nixpkgs": "nixpkgs_4",
        "utils": "utils_4"
      },
      "locked": {
        "dir": "pkgs/alfa/devenv-js",
        "lastModified": 1748881301,
        "owner": "friedenberg",
        "repo": "eng",
        "rev": "872225bc007f956300dceb19e0974ec375e2f9cf",
        "type": "github"
      },
      "original": {
        "dir": "pkgs/alfa/devenv-js",
        "owner": "friedenberg",
        "repo": "eng",
        "type": "github"
      }
    },
    "devenv-nix": {
      "inputs": {
        "fh": "fh",
        "nixpkgs": "nixpkgs_6",
        "nixpkgs-stable": "nixpkgs-stable_4",
        "utils": "utils_5"
      },
      "locked": {
        "dir": "pkgs/alfa/devenv-nix",
        "lastModified": 1748881301,
        "owner": "friedenberg",
        "repo": "eng",
        "rev": "872225bc007f956300dceb19e0974ec375e2f9cf",
        "type": "github"
      },
      "original": {
        "dir": "pkgs/alfa/devenv-nix",
        "owner": "friedenberg",
        "repo": "eng",
        "type": "github"
      }
    },
    "devenv-shell": {
      "inputs": {
        "nixpkgs": "nixpkgs_7",
        "utils": "utils_6"
      },
      "locked": {
        "dir": "pkgs/alfa/devenv-shell",
        "lastModified": 1748881301,
        "owner": "friedenberg",
        "repo": "eng",
        "rev": "872225bc007f956300dceb19e0974ec375e2f9cf",
        "type": "github"
      },
      "original": {
        "dir": "pkgs/alfa/devenv-shell",
        "owner": "friedenberg",
        "repo": "eng",
        "type": "github"
      }
    },
    "devenv-system-common": {
      "inputs": {
        "fh": "fh_2",
        "nixpkgs": "nixpkgs_9",
        "nixpkgs-stable": "nixpkgs-stable_5",
        "utils": "utils_7"
      },
      "locked": {
        "dir": "pkgs/alfa/devenv-system-common",
        "lastModified": 1748881301,
        "owner": "friedenberg",
        "repo": "eng",
        "rev": "872225bc007f956300dceb19e0974ec375e2f9cf",
        "type": "github"
      },
      "original": {
        "dir": "pkgs/alfa/devenv-system-common",
        "owner": "friedenberg",
        "repo": "eng",
        "type": "github"
      }
    },
    "devenv-system-darwin": {
      "inputs": {
        "brew": "brew",
        "brew-api": "brew-api",
        "nixpkgs": "nixpkgs_11",
        "nixpkgs-stable": "nixpkgs-stable_6",
        "utils": "utils_8"
      },
      "locked": {
        "dir": "pkgs/alfa/devenv-system-darwin",
        "lastModified": 1748881301,
        "owner": "friedenberg",
        "repo": "eng",
        "rev": "872225bc007f956300dceb19e0974ec375e2f9cf",
        "type": "github"
      },
      "original": {
        "dir": "pkgs/alfa/devenv-system-darwin",
        "owner": "friedenberg",
        "repo": "eng",
        "type": "github"
      }
    },
    "devenv-system-linux": {
      "inputs": {
        "kmonad": "kmonad",
        "nixpkgs": "nixpkgs_12",
        "nixpkgs-stable": "nixpkgs-stable_7",
        "utils": "utils_9"
      },
      "locked": {
        "dir": "pkgs/alfa/devenv-system-linux",
        "lastModified": 1748881301,
        "owner": "friedenberg",
        "repo": "eng",
        "rev": "872225bc007f956300dceb19e0974ec375e2f9cf",
        "type": "github"
      },
      "original": {
        "dir": "pkgs/alfa/devenv-system-linux",
        "owner": "friedenberg",
        "repo": "eng",
        "type": "github"
      }
    },
    "fenix": {
      "inputs": {
        "nixpkgs": [
          "devenv-nix",
          "fh",
          "nixpkgs"
        ],
        "rust-analyzer-src": "rust-analyzer-src"
      },
      "locked": {
        "lastModified": 1735713283,
        "narHash": "sha256-xC6X49L55xo7AV+pAYclOj5UNWtBo/xx5aB5IehJD0M=",
        "rev": "bfba822a4220b0e2c4dc7f36a35e4c8450cd9a9c",
        "revCount": 2125,
        "type": "tarball",
        "url": "https://api.flakehub.com/f/pinned/nix-community/fenix/0.1.2125%2Brev-bfba822a4220b0e2c4dc7f36a35e4c8450cd9a9c/019420f1-c64f-7176-bdf5-3f4f4fe2bac6/source.tar.gz"
      },
      "original": {
        "type": "tarball",
        "url": "https://flakehub.com/f/nix-community/fenix/0.1.1584.tar.gz"
      }
    },
    "fenix_2": {
      "inputs": {
        "nixpkgs": [
          "devenv-system-common",
          "fh",
          "nixpkgs"
        ],
        "rust-analyzer-src": "rust-analyzer-src_2"
      },
      "locked": {
        "lastModified": 1735713283,
        "narHash": "sha256-xC6X49L55xo7AV+pAYclOj5UNWtBo/xx5aB5IehJD0M=",
        "rev": "bfba822a4220b0e2c4dc7f36a35e4c8450cd9a9c",
        "revCount": 2125,
        "type": "tarball",
        "url": "https://api.flakehub.com/f/pinned/nix-community/fenix/0.1.2125%2Brev-bfba822a4220b0e2c4dc7f36a35e4c8450cd9a9c/019420f1-c64f-7176-bdf5-3f4f4fe2bac6/source.tar.gz"
      },
      "original": {
        "type": "tarball",
        "url": "https://flakehub.com/f/nix-community/fenix/0.1.1584.tar.gz"
      }
    },
    "fh": {
      "inputs": {
        "fenix": "fenix",
        "naersk": "naersk",
        "nixpkgs": "nixpkgs_5"
      },
      "locked": {
        "lastModified": 1740069727,
        "narHash": "sha256-yOqXcn/OMfC97t002V8yzZn1PhuV8lIp5szPA7eys1Q=",
        "rev": "ed73c2dd1d4ccc6d1588809078ebb2f38431dddc",
        "revCount": 683,
        "type": "tarball",
        "url": "https://api.flakehub.com/f/pinned/DeterminateSystems/fh/0.1.22/0195244a-b1c2-7264-b779-0e1e34d9735f/source.tar.gz"
      },
      "original": {
        "type": "tarball",
        "url": "https://flakehub.com/f/DeterminateSystems/fh/0.1.21.tar.gz"
      }
    },
    "fh_2": {
      "inputs": {
        "fenix": "fenix_2",
        "naersk": "naersk_2",
        "nixpkgs": "nixpkgs_8"
      },
      "locked": {
        "lastModified": 1740069727,
        "narHash": "sha256-yOqXcn/OMfC97t002V8yzZn1PhuV8lIp5szPA7eys1Q=",
        "rev": "ed73c2dd1d4ccc6d1588809078ebb2f38431dddc",
        "revCount": 683,
        "type": "tarball",
        "url": "https://api.flakehub.com/f/pinned/DeterminateSystems/fh/0.1.22/0195244a-b1c2-7264-b779-0e1e34d9735f/source.tar.gz"
      },
      "original": {
        "type": "tarball",
        "url": "https://flakehub.com/f/DeterminateSystems/fh/0.1.22.tar.gz"
      }
    },
    "flake-utils": {
      "inputs": {
        "systems": "systems_3"
      },
      "locked": {
        "lastModified": 1694529238,
        "narHash": "sha256-zsNZZGTGnMOf9YpHKJqMSsa0dXbfmxeoJ7xHlrt+xmY=",
        "owner": "numtide",
        "repo": "flake-utils",
        "rev": "ff7b65b44d01cf9ba6a71320833626af21126384",
        "type": "github"
      },
      "original": {
        "owner": "numtide",
        "repo": "flake-utils",
        "type": "github"
      }
    },
    "gomod2nix": {
      "inputs": {
        "flake-utils": "flake-utils",
        "nixpkgs": [
          "devenv-go",
          "nixpkgs"
        ]
      },
      "locked": {
        "lastModified": 1742209644,
        "narHash": "sha256-jMy1XqXqD0/tJprEbUmKilTkvbDY/C0ZGSsJJH4TNCE=",
        "owner": "nix-community",
        "repo": "gomod2nix",
        "rev": "8f3534eb8f6c5c3fce799376dc3b91bae6b11884",
        "type": "github"
      },
      "original": {
        "owner": "nix-community",
        "repo": "gomod2nix",
        "type": "github"
      }
    },
    "html-to-pdf": {
      "inputs": {
        "nixpkgs": "nixpkgs_13",
        "nixpkgs-stable": "nixpkgs-stable_8",
        "utils": "utils_10"
      },
      "locked": {
        "dir": "pkgs/alfa/html-to-pdf",
        "lastModified": 1748881301,
        "owner": "friedenberg",
        "repo": "eng",
        "rev": "872225bc007f956300dceb19e0974ec375e2f9cf",
        "type": "github"
      },
      "original": {
        "dir": "pkgs/alfa/html-to-pdf",
        "owner": "friedenberg",
        "repo": "eng",
        "type": "github"
      }
    },
    "kmonad": {
      "inputs": {
        "nixpkgs": [
          "devenv-system-linux",
          "nixpkgs"
        ]
      },
      "locked": {
        "dir": "nix",
        "lastModified": 1746742173,
        "ref": "refs/heads/master",
        "rev": "e716fb08a734e68eac3dd6ace784d4d8dd1c017a",
        "revCount": 983,
        "submodules": true,
        "type": "git",
        "url": "https://github.com/kmonad/kmonad"
      },
      "original": {
        "dir": "nix",
        "submodules": true,
        "type": "git",
        "url": "https://github.com/kmonad/kmonad"
      }
    },
    "naersk": {
      "inputs": {
        "nixpkgs": [
          "devenv-nix",
          "fh",
          "nixpkgs"
        ]
      },
      "locked": {
        "lastModified": 1736429049,
        "narHash": "sha256-np2K6lbTOq7yugwS0IsEmy+02vxTAF62bp8APnBHsE4=",
        "rev": "5891bae1b7fbd8d3a138773fd751e7a532f914aa",
        "revCount": 352,
        "type": "tarball",
        "url": "https://api.flakehub.com/f/pinned/nix-community/naersk/0.1.352%2Brev-5891bae1b7fbd8d3a138773fd751e7a532f914aa/01944b3d-93aa-7d30-8c2b-bd5902521c73/source.tar.gz"
      },
      "original": {
        "type": "tarball",
        "url": "https://flakehub.com/f/nix-community/naersk/0.1.345.tar.gz"
      }
    },
    "naersk_2": {
      "inputs": {
        "nixpkgs": [
          "devenv-system-common",
          "fh",
          "nixpkgs"
        ]
      },
      "locked": {
        "lastModified": 1736429049,
        "narHash": "sha256-np2K6lbTOq7yugwS0IsEmy+02vxTAF62bp8APnBHsE4=",
        "rev": "5891bae1b7fbd8d3a138773fd751e7a532f914aa",
        "revCount": 352,
        "type": "tarball",
        "url": "https://api.flakehub.com/f/pinned/nix-community/naersk/0.1.352%2Brev-5891bae1b7fbd8d3a138773fd751e7a532f914aa/01944b3d-93aa-7d30-8c2b-bd5902521c73/source.tar.gz"
      },
      "original": {
        "type": "tarball",
        "url": "https://flakehub.com/f/nix-community/naersk/0.1.345.tar.gz"
      }
    },
    "nix-darwin": {
      "inputs": {
        "nixpkgs": [
          "devenv-system-darwin",
          "brew",
          "nixpkgs"
        ]
      },
      "locked": {
        "lastModified": 1744478979,
        "narHash": "sha256-dyN+teG9G82G+m+PX/aSAagkC+vUv0SgUw3XkPhQodQ=",
        "owner": "nix-darwin",
        "repo": "nix-darwin",
        "rev": "43975d782b418ebf4969e9ccba82466728c2851b",
        "type": "github"
      },
      "original": {
        "owner": "nix-darwin",
        "repo": "nix-darwin",
        "type": "github"
      }
    },
    "nixpkgs": {
      "locked": {
        "lastModified": 1748506378,
        "owner": "NixOS",
        "repo": "nixpkgs",
        "rev": "3866ad91cfc172f08a6839def503d8fc2923c603",
        "type": "github"
      },
      "original": {
        "id": "nixpkgs",
        "type": "indirect"
      }
    },
    "nixpkgs-stable": {
      "locked": {
        "lastModified": 1748421225,
        "owner": "nixos",
        "repo": "nixpkgs",
        "rev": "78add7b7abb61689e34fc23070a8f55e1d26185b",
        "type": "github"
      },
      "original": {
        "owner": "nixos",
        "ref": "nixos-24.11",
        "repo": "nixpkgs",
        "type": "github"
      }
    },
    "nixpkgs-stable_10": {
      "locked": {
        "lastModified": 1748708754,
        "owner": "NixOS",
        "repo": "nixpkgs",
        "rev": "f7ae65486211d1bd6a2091a57851a6627aff4b43",
        "type": "github"
      },
      "original": {
        "id": "nixpkgs",
        "ref": "release-24.11",
        "type": "indirect"
      }
    },
    "nixpkgs-stable_11": {
      "locked": {
        "lastModified": 1745742390,
        "narHash": "sha256-1rqa/XPSJqJg21BKWjzJZC7yU0l/YTVtjRi0RJmipus=",
        "owner": "nixos",
        "repo": "nixpkgs",
        "rev": "26245db0cb552047418cfcef9a25da91b222d6c7",
        "type": "github"
      },
      "original": {
        "owner": "nixos",
        "ref": "nixos-24.11",
        "repo": "nixpkgs",
        "type": "github"
      }
    },
    "nixpkgs-stable_12": {
      "locked": {
        "lastModified": 1748421225,
        "narHash": "sha256-XXILOc80tvlvEQgYpYFnze8MkQQmp3eQxFbTzb3m/R0=",
        "rev": "78add7b7abb61689e34fc23070a8f55e1d26185b",
        "revCount": 718438,
        "type": "tarball",
        "url": "https://api.flakehub.com/f/pinned/NixOS/nixpkgs/0.2411.718438%2Brev-78add7b7abb61689e34fc23070a8f55e1d26185b/01971e01-6614-7ec7-904f-91256fb436f4/source.tar.gz"
      },
      "original": {
        "type": "tarball",
        "url": "https://flakehub.com/f/NixOS/nixpkgs/0.2411.717296.tar.gz"
      }
    },
    "nixpkgs-stable_2": {
      "locked": {
        "lastModified": 1748421225,
        "owner": "NixOS",
        "repo": "nixpkgs",
        "rev": "78add7b7abb61689e34fc23070a8f55e1d26185b",
        "type": "github"
      },
      "original": {
        "owner": "NixOS",
        "ref": "nixos-24.11",
        "repo": "nixpkgs",
        "type": "github"
      }
    },
    "nixpkgs-stable_3": {
      "locked": {
        "lastModified": 1745279238,
        "narHash": "sha256-AQ7M9wTa/Pa/kK5pcGTgX/DGqMHyzsyINfN7ktsI7Fo=",
        "owner": "nixos",
        "repo": "nixpkgs",
        "rev": "9684b53175fc6c09581e94cc85f05ab77464c7e3",
        "type": "github"
      },
      "original": {
        "owner": "nixos",
        "ref": "nixos-24.11",
        "repo": "nixpkgs",
        "type": "github"
      }
    },
    "nixpkgs-stable_4": {
      "locked": {
        "lastModified": 1746458134,
        "narHash": "sha256-McuWQWX5mBK3neT/Xni/LpVGoE0ir0iLQT9dAYVNhN8=",
        "owner": "NixOS",
        "repo": "nixpkgs",
        "rev": "eb6260255766f3092fef0d0fa841c5f63bc01f21",
        "type": "github"
      },
      "original": {
        "id": "nixpkgs",
        "ref": "release-24.11",
        "type": "indirect"
      }
    },
    "nixpkgs-stable_5": {
      "locked": {
        "lastModified": 1745487689,
        "narHash": "sha256-FQoi3R0NjQeBAsEOo49b5tbDPcJSMWc3QhhaIi9eddw=",
        "rev": "5630cf13cceac06cefe9fc607e8dfa8fb342dde3",
        "revCount": 717296,
        "type": "tarball",
        "url": "https://api.flakehub.com/f/pinned/NixOS/nixpkgs/0.2411.717296%2Brev-5630cf13cceac06cefe9fc607e8dfa8fb342dde3/01966926-f6e4-7d61-879f-3f882bea5328/source.tar.gz"
      },
      "original": {
        "type": "tarball",
        "url": "https://flakehub.com/f/NixOS/nixpkgs/0.2411.717296.tar.gz"
      }
    },
    "nixpkgs-stable_6": {
      "locked": {
        "lastModified": 1745496781,
        "narHash": "sha256-THhK01xd5uvHk5eagzRDSvb+tzXsB92Hmy9Qec4XiV4=",
        "owner": "NixOS",
        "repo": "nixpkgs",
        "rev": "48d97d2812b5e3ae7b4f9380a6028eb562a67cf0",
        "type": "github"
      },
      "original": {
        "id": "nixpkgs",
        "ref": "release-24.11",
        "type": "indirect"
      }
    },
    "nixpkgs-stable_7": {
      "locked": {
        "lastModified": 1748678077,
        "owner": "NixOS",
        "repo": "nixpkgs",
        "rev": "1359b46f233c6efa20e143d2defd009eac2a1a99",
        "type": "github"
      },
      "original": {
        "owner": "NixOS",
        "ref": "release-24.11",
        "repo": "nixpkgs",
        "type": "github"
      }
    },
    "nixpkgs-stable_8": {
      "locked": {
        "lastModified": 1748708754,
        "owner": "NixOS",
        "repo": "nixpkgs",
        "rev": "f7ae65486211d1bd6a2091a57851a6627aff4b43",
        "type": "github"
      },
      "original": {
        "id": "nixpkgs",
        "ref": "release-24.11",
        "type": "indirect"
      }
    },
    "nixpkgs-stable_9": {
      "locked": {
        "lastModified": 1748421225,
        "narHash": "sha256-XXILOc80tvlvEQgYpYFnze8MkQQmp3eQxFbTzb3m/R0=",
        "rev": "78add7b7abb61689e34fc23070a8f55e1d26185b",
        "revCount": 718438,
        "type": "tarball",
        "url": "https://api.flakehub.com/f/pinned/NixOS/nixpkgs/0.2411.718438%2Brev-78add7b7abb61689e34fc23070a8f55e1d26185b/01971e01-6614-7ec7-904f-91256fb436f4/source.tar.gz"
      },
      "original": {
        "type": "tarball",
        "url": "https://flakehub.com/f/NixOS/nixpkgs/0.2411.717296.tar.gz"
      }
    },
    "nixpkgs_10": {
      "locked": {
        "lastModified": 1745526057,
        "narHash": "sha256-ITSpPDwvLBZBnPRS2bUcHY3gZSwis/uTe255QgMtTLA=",
        "owner": "NixOS",
        "repo": "nixpkgs",
        "rev": "f771eb401a46846c1aebd20552521b233dd7e18b",
        "type": "github"
      },
      "original": {
        "owner": "NixOS",
        "ref": "nixos-unstable",
        "repo": "nixpkgs",
        "type": "github"
      }
    },
    "nixpkgs_11": {
      "locked": {
        "lastModified": 1748792178,
        "owner": "NixOS",
        "repo": "nixpkgs",
        "rev": "5929de975bcf4c7c8d8b5ca65c8cd9ef9e44523e",
        "type": "github"
      },
      "original": {
        "id": "nixpkgs",
        "type": "indirect"
      }
    },
    "nixpkgs_12": {
      "locked": {
        "lastModified": 1748506378,
        "owner": "NixOS",
        "repo": "nixpkgs",
        "rev": "3866ad91cfc172f08a6839def503d8fc2923c603",
        "type": "github"
      },
      "original": {
        "id": "nixpkgs",
        "type": "indirect"
      }
    },
    "nixpkgs_13": {
      "locked": {
        "lastModified": 1748568828,
        "owner": "NixOS",
        "repo": "nixpkgs",
        "rev": "6bfd7663660ecf5336c1054e9e877824a4f84954",
        "type": "github"
      },
      "original": {
        "id": "nixpkgs",
        "type": "indirect"
      }
    },
    "nixpkgs_14": {
      "locked": {
        "lastModified": 1748792178,
        "owner": "NixOS",
        "repo": "nixpkgs",
        "rev": "5929de975bcf4c7c8d8b5ca65c8cd9ef9e44523e",
        "type": "github"
      },
      "original": {
        "id": "nixpkgs",
        "type": "indirect"
      }
    },
    "nixpkgs_15": {
      "locked": {
        "lastModified": 1748568828,
        "owner": "NixOS",
        "repo": "nixpkgs",
        "rev": "6bfd7663660ecf5336c1054e9e877824a4f84954",
        "type": "github"
      },
      "original": {
        "id": "nixpkgs",
        "type": "indirect"
      }
    },
    "nixpkgs_16": {
      "locked": {
        "lastModified": 1745377448,
        "narHash": "sha256-jhZDfXVKdD7TSEGgzFJQvEEZ2K65UMiqW5YJ2aIqxMA=",
        "owner": "NixOS",
        "repo": "nixpkgs",
        "rev": "507b63021ada5fee621b6ca371c4fca9ca46f52c",
        "type": "github"
      },
      "original": {
        "id": "nixpkgs",
        "type": "indirect"
      }
    },
    "nixpkgs_17": {
      "locked": {
        "lastModified": 1748568828,
        "owner": "NixOS",
        "repo": "nixpkgs",
        "rev": "6bfd7663660ecf5336c1054e9e877824a4f84954",
        "type": "github"
      },
      "original": {
        "id": "nixpkgs",
        "type": "indirect"
      }
    },
    "nixpkgs_2": {
      "locked": {
        "lastModified": 1748506378,
        "owner": "NixOS",
        "repo": "nixpkgs",
        "rev": "3866ad91cfc172f08a6839def503d8fc2923c603",
        "type": "github"
      },
      "original": {
        "id": "nixpkgs",
        "type": "indirect"
      }
    },
    "nixpkgs_3": {
      "locked": {
        "lastModified": 1748792178,
        "owner": "NixOS",
        "repo": "nixpkgs",
        "rev": "5929de975bcf4c7c8d8b5ca65c8cd9ef9e44523e",
        "type": "github"
      },
      "original": {
        "id": "nixpkgs",
        "type": "indirect"
      }
    },
    "nixpkgs_4": {
      "locked": {
        "lastModified": 1735563628,
        "narHash": "sha256-OnSAY7XDSx7CtDoqNh8jwVwh4xNL/2HaJxGjryLWzX8=",
        "owner": "NixOS",
        "repo": "nixpkgs",
        "rev": "b134951a4c9f3c995fd7be05f3243f8ecd65d798",
        "type": "github"
      },
      "original": {
        "owner": "NixOS",
        "ref": "nixos-24.05",
        "repo": "nixpkgs",
        "type": "github"
      }
    },
    "nixpkgs_5": {
      "locked": {
        "lastModified": 1739758141,
        "narHash": "sha256-uq6A2L7o1/tR6VfmYhZWoVAwb3gTy7j4Jx30MIrH0rE=",
        "rev": "c618e28f70257593de75a7044438efc1c1fc0791",
        "revCount": 714614,
        "type": "tarball",
        "url": "https://api.flakehub.com/f/pinned/NixOS/nixpkgs/0.2411.714614%2Brev-c618e28f70257593de75a7044438efc1c1fc0791/0195155d-20df-7b25-ad70-45871483b8d2/source.tar.gz"
      },
      "original": {
        "type": "tarball",
        "url": "https://flakehub.com/f/NixOS/nixpkgs/0.2411.%2A.tar.gz"
      }
    },
    "nixpkgs_6": {
      "locked": {
        "lastModified": 1746397377,
        "narHash": "sha256-5oLdRa3vWSRbuqPIFFmQBGGUqaYZBxX+GGtN9f/n4lU=",
        "owner": "NixOS",
        "repo": "nixpkgs",
        "rev": "ed30f8aba41605e3ab46421e3dcb4510ec560ff8",
        "type": "github"
      },
      "original": {
        "id": "nixpkgs",
        "type": "indirect"
      }
    },
    "nixpkgs_7": {
      "locked": {
        "lastModified": 1735563628,
        "narHash": "sha256-OnSAY7XDSx7CtDoqNh8jwVwh4xNL/2HaJxGjryLWzX8=",
        "owner": "NixOS",
        "repo": "nixpkgs",
        "rev": "b134951a4c9f3c995fd7be05f3243f8ecd65d798",
        "type": "github"
      },
      "original": {
        "owner": "NixOS",
        "ref": "nixos-24.05",
        "repo": "nixpkgs",
        "type": "github"
      }
    },
    "nixpkgs_8": {
      "locked": {
        "lastModified": 1739758141,
        "narHash": "sha256-uq6A2L7o1/tR6VfmYhZWoVAwb3gTy7j4Jx30MIrH0rE=",
        "rev": "c618e28f70257593de75a7044438efc1c1fc0791",
        "revCount": 714614,
        "type": "tarball",
        "url": "https://api.flakehub.com/f/pinned/NixOS/nixpkgs/0.2411.714614%2Brev-c618e28f70257593de75a7044438efc1c1fc0791/0195155d-20df-7b25-ad70-45871483b8d2/source.tar.gz"
      },
      "original": {
        "type": "tarball",
        "url": "https://flakehub.com/f/NixOS/nixpkgs/0.2411.%2A.tar.gz"
      }
    },
    "nixpkgs_9": {
      "locked": {
        "lastModified": 1746397377,
        "narHash": "sha256-5oLdRa3vWSRbuqPIFFmQBGGUqaYZBxX+GGtN9f/n4lU=",
        "owner": "NixOS",
        "repo": "nixpkgs",
        "rev": "ed30f8aba41605e3ab46421e3dcb4510ec560ff8",
        "type": "github"
      },
      "original": {
        "id": "nixpkgs",
        "type": "indirect"
      }
    },
    "pa6e": {
      "inputs": {
        "html-to-pdf": [
          "html-to-pdf"
        ],
        "nixpkgs": "nixpkgs_15",
        "nixpkgs-stable": "nixpkgs-stable_10",
        "utils": "utils_11"
      },
      "locked": {
        "dir": "pkgs/alfa/pa6e",
        "lastModified": 1748881301,
        "owner": "friedenberg",
        "repo": "eng",
        "rev": "872225bc007f956300dceb19e0974ec375e2f9cf",
        "type": "github"
      },
      "original": {
        "dir": "pkgs/alfa/pa6e",
        "owner": "friedenberg",
        "repo": "eng",
        "type": "github"
      }
    },
    "root": {
      "inputs": {
        "bash": "bash",
        "chrest": "chrest",
        "devenv-go": "devenv-go",
        "devenv-js": "devenv-js",
        "devenv-nix": "devenv-nix",
        "devenv-shell": "devenv-shell",
        "devenv-system-common": "devenv-system-common",
        "devenv-system-darwin": "devenv-system-darwin",
        "devenv-system-linux": "devenv-system-linux",
        "html-to-pdf": "html-to-pdf",
        "nixpkgs": "nixpkgs_14",
        "nixpkgs-stable": "nixpkgs-stable_9",
        "pa6e": "pa6e",
        "ssh": "ssh",
        "utils": "utils_13",
        "zit": "zit"
      }
    },
    "rust-analyzer-src": {
      "flake": false,
      "locked": {
        "lastModified": 1735659655,
        "narHash": "sha256-DQgwi3pwaasWWDfNtXIX0lW5KvxQ+qVhxO1J7l68Qcc=",
        "owner": "rust-lang",
        "repo": "rust-analyzer",
        "rev": "085ad107943996c344633d58f26467b05f8e2ff0",
        "type": "github"
      },
      "original": {
        "owner": "rust-lang",
        "ref": "nightly",
        "repo": "rust-analyzer",
        "type": "github"
      }
    },
    "rust-analyzer-src_2": {
      "flake": false,
      "locked": {
        "lastModified": 1735659655,
        "narHash": "sha256-DQgwi3pwaasWWDfNtXIX0lW5KvxQ+qVhxO1J7l68Qcc=",
        "owner": "rust-lang",
        "repo": "rust-analyzer",
        "rev": "085ad107943996c344633d58f26467b05f8e2ff0",
        "type": "github"
      },
      "original": {
        "owner": "rust-lang",
        "ref": "nightly",
        "repo": "rust-analyzer",
        "type": "github"
      }
    },
    "ssh": {
      "inputs": {
        "nixpkgs": "nixpkgs_16",
        "nixpkgs-stable": "nixpkgs-stable_11",
        "utils": "utils_12"
      },
      "locked": {
        "dir": "pkgs/alfa/ssh",
        "lastModified": 1748881301,
        "owner": "friedenberg",
        "repo": "eng",
        "rev": "872225bc007f956300dceb19e0974ec375e2f9cf",
        "type": "github"
      },
      "original": {
        "dir": "pkgs/alfa/ssh",
        "owner": "friedenberg",
        "repo": "eng",
        "type": "github"
      }
    },
    "systems": {
      "locked": {
        "lastModified": 1681028828,
        "narHash": "sha256-Vy1rq5AaRuLzOxct8nz4T6wlgyUR7zLU309k9mBC768=",
        "owner": "nix-systems",
        "repo": "default",
        "rev": "da67096a3b9bf56a91d16901293e51ba5b49a27e",
        "type": "github"
      },
      "original": {
        "owner": "nix-systems",
        "repo": "default",
        "type": "github"
      }
    },
    "systems_10": {
      "locked": {
        "lastModified": 1681028828,
        "narHash": "sha256-Vy1rq5AaRuLzOxct8nz4T6wlgyUR7zLU309k9mBC768=",
        "owner": "nix-systems",
        "repo": "default",
        "rev": "da67096a3b9bf56a91d16901293e51ba5b49a27e",
        "type": "github"
      },
      "original": {
        "owner": "nix-systems",
        "repo": "default",
        "type": "github"
      }
    },
    "systems_11": {
      "locked": {
        "lastModified": 1681028828,
        "narHash": "sha256-Vy1rq5AaRuLzOxct8nz4T6wlgyUR7zLU309k9mBC768=",
        "owner": "nix-systems",
        "repo": "default",
        "rev": "da67096a3b9bf56a91d16901293e51ba5b49a27e",
        "type": "github"
      },
      "original": {
        "owner": "nix-systems",
        "repo": "default",
        "type": "github"
      }
    },
    "systems_12": {
      "locked": {
        "lastModified": 1681028828,
        "narHash": "sha256-Vy1rq5AaRuLzOxct8nz4T6wlgyUR7zLU309k9mBC768=",
        "owner": "nix-systems",
        "repo": "default",
        "rev": "da67096a3b9bf56a91d16901293e51ba5b49a27e",
        "type": "github"
      },
      "original": {
        "owner": "nix-systems",
        "repo": "default",
        "type": "github"
      }
    },
    "systems_13": {
      "locked": {
        "lastModified": 1681028828,
        "narHash": "sha256-Vy1rq5AaRuLzOxct8nz4T6wlgyUR7zLU309k9mBC768=",
        "owner": "nix-systems",
        "repo": "default",
        "rev": "da67096a3b9bf56a91d16901293e51ba5b49a27e",
        "type": "github"
      },
      "original": {
        "owner": "nix-systems",
        "repo": "default",
        "type": "github"
      }
    },
    "systems_14": {
      "locked": {
        "lastModified": 1681028828,
        "narHash": "sha256-Vy1rq5AaRuLzOxct8nz4T6wlgyUR7zLU309k9mBC768=",
        "owner": "nix-systems",
        "repo": "default",
        "rev": "da67096a3b9bf56a91d16901293e51ba5b49a27e",
        "type": "github"
      },
      "original": {
        "owner": "nix-systems",
        "repo": "default",
        "type": "github"
      }
    },
    "systems_15": {
      "locked": {
        "lastModified": 1681028828,
        "narHash": "sha256-Vy1rq5AaRuLzOxct8nz4T6wlgyUR7zLU309k9mBC768=",
        "owner": "nix-systems",
        "repo": "default",
        "rev": "da67096a3b9bf56a91d16901293e51ba5b49a27e",
        "type": "github"
      },
      "original": {
        "owner": "nix-systems",
        "repo": "default",
        "type": "github"
      }
    },
    "systems_2": {
      "locked": {
        "lastModified": 1681028828,
        "narHash": "sha256-Vy1rq5AaRuLzOxct8nz4T6wlgyUR7zLU309k9mBC768=",
        "owner": "nix-systems",
        "repo": "default",
        "rev": "da67096a3b9bf56a91d16901293e51ba5b49a27e",
        "type": "github"
      },
      "original": {
        "owner": "nix-systems",
        "repo": "default",
        "type": "github"
      }
    },
    "systems_3": {
      "locked": {
        "lastModified": 1681028828,
        "narHash": "sha256-Vy1rq5AaRuLzOxct8nz4T6wlgyUR7zLU309k9mBC768=",
        "owner": "nix-systems",
        "repo": "default",
        "rev": "da67096a3b9bf56a91d16901293e51ba5b49a27e",
        "type": "github"
      },
      "original": {
        "owner": "nix-systems",
        "repo": "default",
        "type": "github"
      }
    },
    "systems_4": {
      "locked": {
        "lastModified": 1681028828,
        "narHash": "sha256-Vy1rq5AaRuLzOxct8nz4T6wlgyUR7zLU309k9mBC768=",
        "owner": "nix-systems",
        "repo": "default",
        "rev": "da67096a3b9bf56a91d16901293e51ba5b49a27e",
        "type": "github"
      },
      "original": {
        "owner": "nix-systems",
        "repo": "default",
        "type": "github"
      }
    },
    "systems_5": {
      "locked": {
        "lastModified": 1681028828,
        "narHash": "sha256-Vy1rq5AaRuLzOxct8nz4T6wlgyUR7zLU309k9mBC768=",
        "owner": "nix-systems",
        "repo": "default",
        "rev": "da67096a3b9bf56a91d16901293e51ba5b49a27e",
        "type": "github"
      },
      "original": {
        "owner": "nix-systems",
        "repo": "default",
        "type": "github"
      }
    },
    "systems_6": {
      "locked": {
        "lastModified": 1681028828,
        "narHash": "sha256-Vy1rq5AaRuLzOxct8nz4T6wlgyUR7zLU309k9mBC768=",
        "owner": "nix-systems",
        "repo": "default",
        "rev": "da67096a3b9bf56a91d16901293e51ba5b49a27e",
        "type": "github"
      },
      "original": {
        "owner": "nix-systems",
        "repo": "default",
        "type": "github"
      }
    },
    "systems_7": {
      "locked": {
        "lastModified": 1681028828,
        "narHash": "sha256-Vy1rq5AaRuLzOxct8nz4T6wlgyUR7zLU309k9mBC768=",
        "owner": "nix-systems",
        "repo": "default",
        "rev": "da67096a3b9bf56a91d16901293e51ba5b49a27e",
        "type": "github"
      },
      "original": {
        "owner": "nix-systems",
        "repo": "default",
        "type": "github"
      }
    },
    "systems_8": {
      "locked": {
        "lastModified": 1681028828,
        "narHash": "sha256-Vy1rq5AaRuLzOxct8nz4T6wlgyUR7zLU309k9mBC768=",
        "owner": "nix-systems",
        "repo": "default",
        "rev": "da67096a3b9bf56a91d16901293e51ba5b49a27e",
        "type": "github"
      },
      "original": {
        "owner": "nix-systems",
        "repo": "default",
        "type": "github"
      }
    },
    "systems_9": {
      "locked": {
        "lastModified": 1681028828,
        "narHash": "sha256-Vy1rq5AaRuLzOxct8nz4T6wlgyUR7zLU309k9mBC768=",
        "owner": "nix-systems",
        "repo": "default",
        "rev": "da67096a3b9bf56a91d16901293e51ba5b49a27e",
        "type": "github"
      },
      "original": {
        "owner": "nix-systems",
        "repo": "default",
        "type": "github"
      }
    },
    "utils": {
      "inputs": {
        "systems": "systems"
      },
      "locked": {
        "lastModified": 1731533236,
        "owner": "numtide",
        "repo": "flake-utils",
        "rev": "11707dc2f618dd54ca8739b309ec4fc024de578b",
        "type": "github"
      },
      "original": {
        "owner": "numtide",
        "repo": "flake-utils",
        "type": "github"
      }
    },
    "utils_10": {
      "inputs": {
        "systems": "systems_11"
      },
      "locked": {
        "lastModified": 1731533236,
        "owner": "numtide",
        "repo": "flake-utils",
        "rev": "11707dc2f618dd54ca8739b309ec4fc024de578b",
        "type": "github"
      },
      "original": {
        "owner": "numtide",
        "repo": "flake-utils",
        "type": "github"
      }
    },
    "utils_11": {
      "inputs": {
        "systems": "systems_12"
      },
      "locked": {
        "lastModified": 1731533236,
        "owner": "numtide",
        "repo": "flake-utils",
        "rev": "11707dc2f618dd54ca8739b309ec4fc024de578b",
        "type": "github"
      },
      "original": {
        "owner": "numtide",
        "repo": "flake-utils",
        "type": "github"
      }
    },
    "utils_12": {
      "inputs": {
        "systems": "systems_13"
      },
      "locked": {
        "lastModified": 1731533236,
        "narHash": "sha256-l0KFg5HjrsfsO/JpG+r7fRrqm12kzFHyUHqHCVpMMbI=",
        "owner": "numtide",
        "repo": "flake-utils",
        "rev": "11707dc2f618dd54ca8739b309ec4fc024de578b",
        "type": "github"
      },
      "original": {
        "owner": "numtide",
        "repo": "flake-utils",
        "type": "github"
      }
    },
    "utils_13": {
      "inputs": {
        "systems": "systems_14"
      },
      "locked": {
        "lastModified": 1731533236,
        "narHash": "sha256-l0KFg5HjrsfsO/JpG+r7fRrqm12kzFHyUHqHCVpMMbI=",
        "rev": "11707dc2f618dd54ca8739b309ec4fc024de578b",
        "revCount": 102,
        "type": "tarball",
        "url": "https://api.flakehub.com/f/pinned/numtide/flake-utils/0.1.102%2Brev-11707dc2f618dd54ca8739b309ec4fc024de578b/0193276d-5b8f-7dbc-acf1-41cb7b54ad2e/source.tar.gz"
      },
      "original": {
        "type": "tarball",
        "url": "https://flakehub.com/f/numtide/flake-utils/0.1.102.tar.gz"
      }
    },
    "utils_14": {
      "inputs": {
        "systems": "systems_15"
      },
      "locked": {
        "lastModified": 1731533236,
        "narHash": "sha256-l0KFg5HjrsfsO/JpG+r7fRrqm12kzFHyUHqHCVpMMbI=",
        "rev": "11707dc2f618dd54ca8739b309ec4fc024de578b",
        "revCount": 102,
        "type": "tarball",
        "url": "https://api.flakehub.com/f/pinned/numtide/flake-utils/0.1.102%2Brev-11707dc2f618dd54ca8739b309ec4fc024de578b/0193276d-5b8f-7dbc-acf1-41cb7b54ad2e/source.tar.gz"
      },
      "original": {
        "type": "tarball",
        "url": "https://flakehub.com/f/numtide/flake-utils/0.1.102.tar.gz"
      }
    },
    "utils_2": {
      "inputs": {
        "systems": "systems_2"
      },
      "locked": {
        "lastModified": 1731533236,
        "owner": "numtide",
        "repo": "flake-utils",
        "rev": "11707dc2f618dd54ca8739b309ec4fc024de578b",
        "type": "github"
      },
      "original": {
        "owner": "numtide",
        "repo": "flake-utils",
        "type": "github"
      }
    },
    "utils_3": {
      "inputs": {
        "systems": "systems_4"
      },
      "locked": {
        "lastModified": 1731533236,
        "narHash": "sha256-l0KFg5HjrsfsO/JpG+r7fRrqm12kzFHyUHqHCVpMMbI=",
        "owner": "numtide",
        "repo": "flake-utils",
        "rev": "11707dc2f618dd54ca8739b309ec4fc024de578b",
        "type": "github"
      },
      "original": {
        "owner": "numtide",
        "repo": "flake-utils",
        "type": "github"
      }
    },
    "utils_4": {
      "inputs": {
        "systems": "systems_5"
      },
      "locked": {
        "lastModified": 1731533236,
        "narHash": "sha256-l0KFg5HjrsfsO/JpG+r7fRrqm12kzFHyUHqHCVpMMbI=",
        "owner": "numtide",
        "repo": "flake-utils",
        "rev": "11707dc2f618dd54ca8739b309ec4fc024de578b",
        "type": "github"
      },
      "original": {
        "owner": "numtide",
        "repo": "flake-utils",
        "type": "github"
      }
    },
    "utils_5": {
      "inputs": {
        "systems": "systems_6"
      },
      "locked": {
        "lastModified": 1731533236,
        "narHash": "sha256-l0KFg5HjrsfsO/JpG+r7fRrqm12kzFHyUHqHCVpMMbI=",
        "owner": "numtide",
        "repo": "flake-utils",
        "rev": "11707dc2f618dd54ca8739b309ec4fc024de578b",
        "type": "github"
      },
      "original": {
        "owner": "numtide",
        "repo": "flake-utils",
        "type": "github"
      }
    },
    "utils_6": {
      "inputs": {
        "systems": "systems_7"
      },
      "locked": {
        "lastModified": 1731533236,
        "narHash": "sha256-l0KFg5HjrsfsO/JpG+r7fRrqm12kzFHyUHqHCVpMMbI=",
        "owner": "numtide",
        "repo": "flake-utils",
        "rev": "11707dc2f618dd54ca8739b309ec4fc024de578b",
        "type": "github"
      },
      "original": {
        "owner": "numtide",
        "repo": "flake-utils",
        "type": "github"
      }
    },
    "utils_7": {
      "inputs": {
        "systems": "systems_8"
      },
      "locked": {
        "lastModified": 1731533236,
        "narHash": "sha256-l0KFg5HjrsfsO/JpG+r7fRrqm12kzFHyUHqHCVpMMbI=",
        "rev": "11707dc2f618dd54ca8739b309ec4fc024de578b",
        "revCount": 102,
        "type": "tarball",
        "url": "https://api.flakehub.com/f/pinned/numtide/flake-utils/0.1.102%2Brev-11707dc2f618dd54ca8739b309ec4fc024de578b/0193276d-5b8f-7dbc-acf1-41cb7b54ad2e/source.tar.gz"
      },
      "original": {
        "type": "tarball",
        "url": "https://flakehub.com/f/numtide/flake-utils/0.1.102.tar.gz"
      }
    },
    "utils_8": {
      "inputs": {
        "systems": "systems_9"
      },
      "locked": {
        "lastModified": 1731533236,
        "narHash": "sha256-l0KFg5HjrsfsO/JpG+r7fRrqm12kzFHyUHqHCVpMMbI=",
        "owner": "numtide",
        "repo": "flake-utils",
        "rev": "11707dc2f618dd54ca8739b309ec4fc024de578b",
        "type": "github"
      },
      "original": {
        "owner": "numtide",
        "repo": "flake-utils",
        "type": "github"
      }
    },
    "utils_9": {
      "inputs": {
        "systems": "systems_10"
      },
      "locked": {
        "lastModified": 1731533236,
        "owner": "numtide",
        "repo": "flake-utils",
        "rev": "11707dc2f618dd54ca8739b309ec4fc024de578b",
        "type": "github"
      },
      "original": {
        "owner": "numtide",
        "repo": "flake-utils",
        "type": "github"
      }
    },
    "zit": {
      "inputs": {
        "devenv-go": [
          "devenv-go"
        ],
        "devenv-shell": [
          "devenv-shell"
        ],
        "nixpkgs": "nixpkgs_17",
        "nixpkgs-stable": "nixpkgs-stable_12",
        "utils": "utils_14"
      },
      "locked": {
        "dir": "pkgs/bravo/zit/go/zit",
        "lastModified": 1748881301,
        "owner": "friedenberg",
        "repo": "eng",
        "rev": "872225bc007f956300dceb19e0974ec375e2f9cf",
        "type": "github"
      },
      "original": {
        "dir": "pkgs/bravo/zit/go/zit",
        "owner": "friedenberg",
        "repo": "eng",
        "type": "github"
      }
    }
  },
  "root": "root",
  "version": 7
}
